
Microsoft Visual Studio Solution File, Format Version 12.00
# Visual Studio Version 17
VisualStudioVersion = 17.7.34302.85
MinimumVisualStudioVersion = 10.0.40219.1
Project("{9A19103F-16F7-4668-BE54-9A1E7A4F7556}") = "ChurchDiscordBot", "ChurchDiscordBot\ChurchDiscordBot.csproj", "{26033439-C1F4-414F-98DF-B9EE701B5789}"
EndProject
Project("{2150E333-8FDC-42A3-9474-1A3956D46DE8}") = "Solution Files", "Solution Files", "{8B255229-02DF-4DF6-A60E-9EE3F536468C}"
	ProjectSection(SolutionItems) = preProject
		.github\workflows\docker-deploy-image-to-ghcr.yml = .github\workflows\docker-deploy-image-to-ghcr.yml
		README.md = README.md
	EndProjectSection
EndProject
Global
	GlobalSection(SolutionConfigurationPlatforms) = preSolution
		Debug|Any CPU = Debug|Any CPU
		Release|Any CPU = Release|Any CPU
	EndGlobalSection
	GlobalSection(ProjectConfigurationPlatforms) = postSolution
		{26033439-C1F4-414F-98DF-B9EE701B5789}.Debug|Any CPU.ActiveCfg = Debug|Any CPU
		{26033439-C1F4-414F-98DF-B9EE701B5789}.Debug|Any CPU.Build.0 = Debug|Any CPU
		{26033439-C1F4-414F-98DF-B9EE701B5789}.Release|Any CPU.ActiveCfg = Release|Any CPU
		{26033439-C1F4-414F-98DF-B9EE701B5789}.Release|Any CPU.Build.0 = Release|Any CPU
	EndGlobalSection
	GlobalSection(SolutionProperties) = preSolution
		HideSolutionNode = FALSE
	EndGlobalSection
	GlobalSection(ExtensibilityGlobals) = postSolution
		SolutionGuid = {1F708372-C906-41CE-8705-825C48F490E1}
	EndGlobalSection
EndGlobal
